# THIS IS AN AUTOGENERATED FILE. DO NOT EDIT THIS FILE DIRECTLY.
# yarn lockfile v1


dequal@^1.0.0:
  version "1.0.1"
  resolved "https://artifactory.wwt.com/artifactory/api/npm/npm/dequal/-/dequal-1.0.1.tgz#dbbf9795ec626e9da8bd68782f4add1d23700d8b"
  integrity sha1-27+Xlexibp2ovWh4L0rdHSNwDYs=

diff@^4.0.2:
  version "4.0.2"
  resolved "https://artifactory.wwt.com/artifactory/api/npm/npm/diff/-/diff-4.0.2.tgz#60f3aecb89d5fae520c11aa19efc2bb982aade7d"
  integrity sha1-YPOuy4nV+uUgwRqhnvwruYKq3n0=

kleur@^4.0.3:
  version "4.1.1"
  resolved "https://artifactory.wwt.com/artifactory/api/npm/npm/kleur/-/kleur-4.1.1.tgz#80b49dd7d1afeba41b8dcdf4ecfff9252205fc52"
  integrity sha1-gLSd19Gv66Qbjc307P/5JSIF/FI=

mri@^1.1.0:
  version "1.1.6"
  resolved "https://artifactory.wwt.com/artifactory/api/npm/npm/mri/-/mri-1.1.6.tgz#49952e1044db21dbf90f6cd92bc9c9a777d415a6"
  integrity sha1-SZUuEETbIdv5D2zZK8nJp3fUFaY=

sade@^1.7.3:
  version "1.7.3"
  resolved "https://artifactory.wwt.com/artifactory/api/npm/npm/sade/-/sade-1.7.3.tgz#a217ccc4fb4abb2d271648bf48f6628b2636fa1b"
  integrity sha1-ohfMxPtKuy0nFki/SPZiiyY2+hs=
  dependencies:
    mri "^1.1.0"

totalist@^1.1.0:
  version "1.1.0"
  resolved "https://artifactory.wwt.com/artifactory/api/npm/npm/totalist/-/totalist-1.1.0.tgz#a4d65a3e546517701e3e5c37a47a70ac97fe56df"
  integrity sha1-pNZaPlRlF3AePlw3pHpwrJf+Vt8=

uvu@^0.3.3:
  version "0.3.3"
  resolved "https://artifactory.wwt.com/artifactory/api/npm/npm/uvu/-/uvu-0.3.3.tgz#ad2edd8d2fca50c4dcb39fb2e843f4c15e48ac94"
  integrity sha1-rS7djS/KUMTcs5+y6EP0wV5IrJQ=
  dependencies:
    dequal "^1.0.0"
    diff "^4.0.2"
    kleur "^4.0.3"
    sade "^1.7.3"
    totalist "^1.1.0"
